
Microsoft Visual Studio Solution File, Format Version 12.00
# Visual Studio 15
VisualStudioVersion = 15.0.27428.2002
MinimumVisualStudioVersion = 10.0.40219.1
Project("{FAE04EC0-301F-11D3-BF4B-00C04F79EFBC}") = "PermissaoViagemService", "PermissaoViagemService\PermissaoViagemService.csproj", "{CEB4CF1E-E606-47E8-9724-BD284E58E302}"
EndProject
Global
	GlobalSection(SolutionConfigurationPlatforms) = preSolution
		Debug|Any CPU = Debug|Any CPU
		Release|Any CPU = Release|Any CPU
	EndGlobalSection
	GlobalSection(ProjectConfigurationPlatforms) = postSolution
		{CEB4CF1E-E606-47E8-9724-BD284E58E302}.Debug|Any CPU.ActiveCfg = Debug|Any CPU
		{CEB4CF1E-E606-47E8-9724-BD284E58E302}.Debug|Any CPU.Build.0 = Debug|Any CPU
		{CEB4CF1E-E606-47E8-9724-BD284E58E302}.Release|Any CPU.ActiveCfg = Release|Any CPU
		{CEB4CF1E-E606-47E8-9724-BD284E58E302}.Release|Any CPU.Build.0 = Release|Any CPU
	EndGlobalSection
	GlobalSection(SolutionProperties) = preSolution
		HideSolutionNode = FALSE
	EndGlobalSection
	GlobalSection(ExtensibilityGlobals) = postSolution
		SolutionGuid = {F93429A1-3D30-4E65-AD77-B54A176E4531}
	EndGlobalSection
EndGlobal
